
Microsoft Visual Studio Solution File, Format Version 12.00
# Visual Studio Version 17
VisualStudioVersion = 17.11.35327.3
MinimumVisualStudioVersion = 10.0.40219.1
Project("{F184B08F-C81C-45F6-A57F-5ABD9991F28F}") = "DataMahasiswaUnsia", "DataMahasiswaUnsia\DataMahasiswaUnsia.vbproj", "{533D86CC-EBEE-4AA4-A220-5A37C8C8BAB9}"
EndProject
Global
	GlobalSection(SolutionConfigurationPlatforms) = preSolution
		Debug|Any CPU = Debug|Any CPU
		Release|Any CPU = Release|Any CPU
	EndGlobalSection
	GlobalSection(ProjectConfigurationPlatforms) = postSolution
		{533D86CC-EBEE-4AA4-A220-5A37C8C8BAB9}.Debug|Any CPU.ActiveCfg = Debug|Any CPU
		{533D86CC-EBEE-4AA4-A220-5A37C8C8BAB9}.Debug|Any CPU.Build.0 = Debug|Any CPU
		{533D86CC-EBEE-4AA4-A220-5A37C8C8BAB9}.Release|Any CPU.ActiveCfg = Release|Any CPU
		{533D86CC-EBEE-4AA4-A220-5A37C8C8BAB9}.Release|Any CPU.Build.0 = Release|Any CPU
	EndGlobalSection
	GlobalSection(SolutionProperties) = preSolution
		HideSolutionNode = FALSE
	EndGlobalSection
	GlobalSection(ExtensibilityGlobals) = postSolution
		SolutionGuid = {EED96AF2-4A3E-4DCA-A46D-A0EED047817A}
	EndGlobalSection
EndGlobal
